
Microsoft Visual Studio Solution File, Format Version 12.00
# Visual Studio Version 16
VisualStudioVersion = 16.0.29324.140
MinimumVisualStudioVersion = 10.0.40219.1
Project("{FAE04EC0-301F-11D3-BF4B-00C04F79EFBC}") = "ProgTracker.Core", "ProgTracker.Core\ProgTracker.Core.csproj", "{808EC2D2-6BAC-42B2-A5F5-46C4EBC75495}"
EndProject
Global
	GlobalSection(SolutionConfigurationPlatforms) = preSolution
		Debug|Any CPU = Debug|Any CPU
		Release|Any CPU = Release|Any CPU
	EndGlobalSection
	GlobalSection(ProjectConfigurationPlatforms) = postSolution
		{808EC2D2-6BAC-42B2-A5F5-46C4EBC75495}.Debug|Any CPU.ActiveCfg = Debug|Any CPU
		{808EC2D2-6BAC-42B2-A5F5-46C4EBC75495}.Debug|Any CPU.Build.0 = Debug|Any CPU
		{808EC2D2-6BAC-42B2-A5F5-46C4EBC75495}.Release|Any CPU.ActiveCfg = Release|Any CPU
		{808EC2D2-6BAC-42B2-A5F5-46C4EBC75495}.Release|Any CPU.Build.0 = Release|Any CPU
	EndGlobalSection
	GlobalSection(SolutionProperties) = preSolution
		HideSolutionNode = FALSE
	EndGlobalSection
	GlobalSection(ExtensibilityGlobals) = postSolution
		SolutionGuid = {DA41DD75-FB2B-4668-B619-C30E3FA60D72}
	EndGlobalSection
EndGlobal
